// !$*UTF8*$!
{
	archiveVersion = 1;
	classes = {
	};
	objectVersion = 50;
	objects = {

/* Begin PBXBuildFile section */
		C1217FC12594DDA30066BD88 /* SecondAnimationViewController.swift in Sources */ = {isa = PBXBuildFile; fileRef = C1217FC02594DDA30066BD88 /* SecondAnimationViewController.swift */; };
		C1217FC42594DE070066BD88 /* ThirdAnimationViewController.swift in Sources */ = {isa = PBXBuildFile; fileRef = C1217FC32594DE070066BD88 /* ThirdAnimationViewController.swift */; };
		C1217FC72594DE1E0066BD88 /* FourthAnimationViewController.swift in Sources */ = {isa = PBXBuildFile; fileRef = C1217FC62594DE1E0066BD88 /* FourthAnimationViewController.swift */; };
		C17D25BF25934520000754D2 /* AppDelegate.swift in Sources */ = {isa = PBXBuildFile; fileRef = C17D25BE25934520000754D2 /* AppDelegate.swift */; };
		C17D25C125934520000754D2 /* SceneDelegate.swift in Sources */ = {isa = PBXBuildFile; fileRef = C17D25C025934520000754D2 /* SceneDelegate.swift */; };
		C17D25C325934520000754D2 /* ViewController.swift in Sources */ = {isa = PBXBuildFile; fileRef = C17D25C225934520000754D2 /* ViewController.swift */; };
		C17D25C625934520000754D2 /* Main.storyboard in Resources */ = {isa = PBXBuildFile; fileRef = C17D25C425934520000754D2 /* Main.storyboard */; };
		C17D25C825934521000754D2 /* Assets.xcassets in Resources */ = {isa = PBXBuildFile; fileRef = C17D25C725934521000754D2 /* Assets.xcassets */; };
		C17D25CB25934521000754D2 /* LaunchScreen.storyboard in Resources */ = {isa = PBXBuildFile; fileRef = C17D25C925934521000754D2 /* LaunchScreen.storyboard */; };
/* End PBXBuildFile section */

/* Begin PBXFileReference section */
		C1217FC02594DDA30066BD88 /* SecondAnimationViewController.swift */ = {isa = PBXFileReference; lastKnownFileType = sourcecode.swift; path = SecondAnimationViewController.swift; sourceTree = "<group>"; };
		C1217FC32594DE070066BD88 /* ThirdAnimationViewController.swift */ = {isa = PBXFileReference; lastKnownFileType = sourcecode.swift; path = ThirdAnimationViewController.swift; sourceTree = "<group>"; };
		C1217FC62594DE1E0066BD88 /* FourthAnimationViewController.swift */ = {isa = PBXFileReference; lastKnownFileType = sourcecode.swift; path = FourthAnimationViewController.swift; sourceTree = "<group>"; };
		C17D25BB25934520000754D2 /* task2(HW3).app */ = {isa = PBXFileReference; explicitFileType = wrapper.application; includeInIndex = 0; path = "task2(HW3).app"; sourceTree = BUILT_PRODUCTS_DIR; };
		C17D25BE25934520000754D2 /* AppDelegate.swift */ = {isa = PBXFileReference; lastKnownFileType = sourcecode.swift; path = AppDelegate.swift; sourceTree = "<group>"; };
		C17D25C025934520000754D2 /* SceneDelegate.swift */ = {isa = PBXFileReference; lastKnownFileType = sourcecode.swift; path = SceneDelegate.swift; sourceTree = "<group>"; };
		C17D25C225934520000754D2 /* ViewController.swift */ = {isa = PBXFileReference; lastKnownFileType = sourcecode.swift; path = ViewController.swift; sourceTree = "<group>"; };
		C17D25C525934520000754D2 /* Base */ = {isa = PBXFileReference; lastKnownFileType = file.storyboard; name = Base; path = Base.lproj/Main.storyboard; sourceTree = "<group>"; };
		C17D25C725934521000754D2 /* Assets.xcassets */ = {isa = PBXFileReference; lastKnownFileType = folder.assetcatalog; path = Assets.xcassets; sourceTree = "<group>"; };
		C17D25CA25934521000754D2 /* Base */ = {isa = PBXFileReference; lastKnownFileType = file.storyboard; name = Base; path = Base.lproj/LaunchScreen.storyboard; sourceTree = "<group>"; };
		C17D25CC25934521000754D2 /* Info.plist */ = {isa = PBXFileReference; lastKnownFileType = text.plist.xml; path = Info.plist; sourceTree = "<group>"; };
/* End PBXFileReference section */

/* Begin PBXFrameworksBuildPhase section */
		C17D25B825934520000754D2 /* Frameworks */ = {
			isa = PBXFrameworksBuildPhase;
			buildActionMask = 2147483647;
			files = (
			);
			runOnlyForDeploymentPostprocessing = 0;
		};
/* End PBXFrameworksBuildPhase section */

/* Begin PBXGroup section */
		C17D25B225934520000754D2 = {
			isa = PBXGroup;
			children = (
				C17D25BD25934520000754D2 /* task2(HW3) */,
				C17D25BC25934520000754D2 /* Products */,
			);
			sourceTree = "<group>";
		};
		C17D25BC25934520000754D2 /* Products */ = {
			isa = PBXGroup;
			children = (
				C17D25BB25934520000754D2 /* task2(HW3).app */,
			);
			name = Products;
			sourceTree = "<group>";
		};
		C17D25BD25934520000754D2 /* task2(HW3) */ = {
			isa = PBXGroup;
			children = (
				C17D25BE25934520000754D2 /* AppDelegate.swift */,
				C17D25C025934520000754D2 /* SceneDelegate.swift */,
				C17D25C225934520000754D2 /* ViewController.swift */,
				C1217FC02594DDA30066BD88 /* SecondAnimationViewController.swift */,
				C1217FC32594DE070066BD88 /* ThirdAnimationViewController.swift */,
				C1217FC62594DE1E0066BD88 /* FourthAnimationViewController.swift */,
				C17D25C425934520000754D2 /* Main.storyboard */,
				C17D25C725934521000754D2 /* Assets.xcassets */,
				C17D25C925934521000754D2 /* LaunchScreen.storyboard */,
				C17D25CC25934521000754D2 /* Info.plist */,
			);
			path = "task2(HW3)";
			sourceTree = "<group>";
		};
/* End PBXGroup section */

/* Begin PBXNativeTarget section */
		C17D25BA25934520000754D2 /* task2(HW3) */ = {
			isa = PBXNativeTarget;
			buildConfigurationList = C17D25CF25934521000754D2 /* Build configuration list for PBXNativeTarget "task2(HW3)" */;
			buildPhases = (
				C17D25B725934520000754D2 /* Sources */,
				C17D25B825934520000754D2 /* Frameworks */,
				C17D25B925934520000754D2 /* Resources */,
			);
			buildRules = (
			);
			dependencies = (
			);
			name = "task2(HW3)";
			productName = "task2(HW3)";
			productReference = C17D25BB25934520000754D2 /* task2(HW3).app */;
			productType = "com.apple.product-type.application";
		};
/* End PBXNativeTarget section */

/* Begin PBXProject section */
		C17D25B325934520000754D2 /* Project object */ = {
			isa = PBXProject;
			attributes = {
				LastSwiftUpdateCheck = 1230;
				LastUpgradeCheck = 1230;
				TargetAttributes = {
					C17D25BA25934520000754D2 = {
						CreatedOnToolsVersion = 12.3;
					};
				};
			};
			buildConfigurationList = C17D25B625934520000754D2 /* Build configuration list for PBXProject "task2(HW3)" */;
			compatibilityVersion = "Xcode 9.3";
			developmentRegion = en;
			hasScannedForEncodings = 0;
			knownRegions = (
				en,
				Base,
			);
			mainGroup = C17D25B225934520000754D2;
			productRefGroup = C17D25BC25934520000754D2 /* Products */;
			projectDirPath = "";
			projectRoot = "";
			targets = (
				C17D25BA25934520000754D2 /* task2(HW3) */,
			);
		};
/* End PBXProject section */

/* Begin PBXResourcesBuildPhase section */
		C17D25B925934520000754D2 /* Resources */ = {
			isa = PBXResourcesBuildPhase;
			buildActionMask = 2147483647;
			files = (
				C17D25CB25934521000754D2 /* LaunchScreen.storyboard in Resources */,
				C17D25C825934521000754D2 /* Assets.xcassets in Resources */,
				C17D25C625934520000754D2 /* Main.storyboard in Resources */,
			);
			runOnlyForDeploymentPostprocessing = 0;
		};
/* End PBXResourcesBuildPhase section */

/* Begin PBXSourcesBuildPhase section */
		C17D25B725934520000754D2 /* Sources */ = {
			isa = PBXSourcesBuildPhase;
			buildActionMask = 2147483647;
			files = (
				C17D25C325934520000754D2 /* ViewController.swift in Sources */,
				C1217FC72594DE1E0066BD88 /* FourthAnimationViewController.swift in Sources */,
				C1217FC12594DDA30066BD88 /* SecondAnimationViewController.swift in Sources */,
				C17D25BF25934520000754D2 /* AppDelegate.swift in Sources */,
				C1217FC42594DE070066BD88 /* ThirdAnimationViewController.swift in Sources */,
				C17D25C125934520000754D2 /* SceneDelegate.swift in Sources */,
			);
			runOnlyForDeploymentPostprocessing = 0;
		};
/* End PBXSourcesBuildPhase section */

/* Begin PBXVariantGroup section */
		C17D25C425934520000754D2 /* Main.storyboard */ = {
			isa = PBXVariantGroup;
			children = (
				C17D25C525934520000754D2 /* Base */,
			);
			name = Main.storyboard;
			sourceTree = "<group>";
		};
		C17D25C925934521000754D2 /* LaunchScreen.storyboard */ = {
			isa = PBXVariantGroup;
			children = (
				C17D25CA25934521000754D2 /* Base */,
			);
			name = LaunchScreen.storyboard;
			sourceTree = "<group>";
		};
/* End PBXVariantGroup section */

/* Begin XCBuildConfiguration section */
		C17D25CD25934521000754D2 /* Debug */ = {
			isa = XCBuildConfiguration;
			buildSettings = {
				ALWAYS_SEARCH_USER_PATHS = NO;
				CLANG_ANALYZER_NONNULL = YES;
				CLANG_ANALYZER_NUMBER_OBJECT_CONVERSION = YES_AGGRESSIVE;
				CLANG_CXX_LANGUAGE_STANDARD = "gnu++14";
				CLANG_CXX_LIBRARY = "libc++";
				CLANG_ENABLE_MODULES = YES;
				CLANG_ENABLE_OBJC_ARC = YES;
				CLANG_ENABLE_OBJC_WEAK = YES;
				CLANG_WARN_BLOCK_CAPTURE_AUTORELEASING = YES;
				CLANG_WARN_BOOL_CONVERSION = YES;
				CLANG_WARN_COMMA = YES;
				CLANG_WARN_CONSTANT_CONVERSION = YES;
				CLANG_WARN_DEPRECATED_OBJC_IMPLEMENTATIONS = YES;
				CLANG_WARN_DIRECT_OBJC_ISA_USAGE = YES_ERROR;
				CLANG_WARN_DOCUMENTATION_COMMENTS = YES;
				CLANG_WARN_EMPTY_BODY = YES;
				CLANG_WARN_ENUM_CONVERSION = YES;
				CLANG_WARN_INFINITE_RECURSION = YES;
				CLANG_WARN_INT_CONVERSION = YES;
				CLANG_WARN_NON_LITERAL_NULL_CONVERSION = YES;
				CLANG_WARN_OBJC_IMPLICIT_RETAIN_SELF = YES;
				CLANG_WARN_OBJC_LITERAL_CONVERSION = YES;
				CLANG_WARN_OBJC_ROOT_CLASS = YES_ERROR;
				CLANG_WARN_QUOTED_INCLUDE_IN_FRAMEWORK_HEADER = YES;
				CLANG_WARN_RANGE_LOOP_ANALYSIS = YES;
				CLANG_WARN_STRICT_PROTOTYPES = YES;
				CLANG_WARN_SUSPICIOUS_MOVE = YES;
				CLANG_WARN_UNGUARDED_AVAILABILITY = YES_AGGRESSIVE;
				CLANG_WARN_UNREACHABLE_CODE = YES;
				CLANG_WARN__DUPLICATE_METHOD_MATCH = YES;
				COPY_PHASE_STRIP = NO;
				DEBUG_INFORMATION_FORMAT = dwarf;
				ENABLE_STRICT_OBJC_MSGSEND = YES;
				ENABLE_TESTABILITY = YES;
				GCC_C_LANGUAGE_STANDARD = gnu11;
				GCC_DYNAMIC_NO_PIC = NO;
				GCC_NO_COMMON_BLOCKS = YES;
				GCC_OPTIMIZATION_LEVEL = 0;
				GCC_PREPROCESSOR_DEFINITIONS = (
					"DEBUG=1",
					"$(inherited)",
				);
				GCC_WARN_64_TO_32_BIT_CONVERSION = YES;
				GCC_WARN_ABOUT_RETURN_TYPE = YES_ERROR;
				GCC_WARN_UNDECLARED_SELECTOR = YES;
				GCC_WARN_UNINITIALIZED_AUTOS = YES_AGGRESSIVE;
				GCC_WARN_UNUSED_FUNCTION = YES;
				GCC_WARN_UNUSED_VARIABLE = YES;
				IPHONEOS_DEPLOYMENT_TARGET = 14.3;
				MTL_ENABLE_DEBUG_INFO = INCLUDE_SOURCE;
				MTL_FAST_MATH = YES;
				ONLY_ACTIVE_ARCH = YES;
				SDKROOT = iphoneos;
				SWIFT_ACTIVE_COMPILATION_CONDITIONS = DEBUG;
				SWIFT_OPTIMIZATION_LEVEL = "-Onone";
			};
			name = Debug;
		};
		C17D25CE25934521000754D2 /* Release */ = {
			isa = XCBuildConfiguration;
			buildSettings = {
				ALWAYS_SEARCH_USER_PATHS = NO;
				CLANG_ANALYZER_NONNULL = YES;
				CLANG_ANALYZER_NUMBER_OBJECT_CONVERSION = YES_AGGRESSIVE;
				CLANG_CXX_LANGUAGE_STANDARD = "gnu++14";
				CLANG_CXX_LIBRARY = "libc++";
				CLANG_ENABLE_MODULES = YES;
				CLANG_ENABLE_OBJC_ARC = YES;
				CLANG_ENABLE_OBJC_WEAK = YES;
				CLANG_WARN_BLOCK_CAPTURE_AUTORELEASING = YES;
				CLANG_WARN_BOOL_CONVERSION = YES;
				CLANG_WARN_COMMA = YES;
				CLANG_WARN_CONSTANT_CONVERSION = YES;
				CLANG_WARN_DEPRECATED_OBJC_IMPLEMENTATIONS = YES;
				CLANG_WARN_DIRECT_OBJC_ISA_USAGE = YES_ERROR;
				CLANG_WARN_DOCUMENTATION_COMMENTS = YES;
				CLANG_WARN_EMPTY_BODY = YES;
				CLANG_WARN_ENUM_CONVERSION = YES;
				CLANG_WARN_INFINITE_RECURSION = YES;
				CLANG_WARN_INT_CONVERSION = YES;
				CLANG_WARN_NON_LITERAL_NULL_CONVERSION = YES;
				CLANG_WARN_OBJC_IMPLICIT_RETAIN_SELF = YES;
				CLANG_WARN_OBJC_LITERAL_CONVERSION = YES;
				CLANG_WARN_OBJC_ROOT_CLASS = YES_ERROR;
				CLANG_WARN_QUOTED_INCLUDE_IN_FRAMEWORK_HEADER = YES;
				CLANG_WARN_RANGE_LOOP_ANALYSIS = YES;
				CLANG_WARN_STRICT_PROTOTYPES = YES;
				CLANG_WARN_SUSPICIOUS_MOVE = YES;
				CLANG_WARN_UNGUARDED_AVAILABILITY = YES_AGGRESSIVE;
				CLANG_WARN_UNREACHABLE_CODE = YES;
				CLANG_WARN__DUPLICATE_METHOD_MATCH = YES;
				COPY_PHASE_STRIP = NO;
				DEBUG_INFORMATION_FORMAT = "dwarf-with-dsym";
				ENABLE_NS_ASSERTIONS = NO;
				ENABLE_STRICT_OBJC_MSGSEND = YES;
				GCC_C_LANGUAGE_STANDARD = gnu11;
				GCC_NO_COMMON_BLOCKS = YES;
				GCC_WARN_64_TO_32_BIT_CONVERSION = YES;
				GCC_WARN_ABOUT_RETURN_TYPE = YES_ERROR;
				GCC_WARN_UNDECLARED_SELECTOR = YES;
				GCC_WARN_UNINITIALIZED_AUTOS = YES_AGGRESSIVE;
				GCC_WARN_UNUSED_FUNCTION = YES;
				GCC_WARN_UNUSED_VARIABLE = YES;
				IPHONEOS_DEPLOYMENT_TARGET = 14.3;
				MTL_ENABLE_DEBUG_INFO = NO;
				MTL_FAST_MATH = YES;
				SDKROOT = iphoneos;
				SWIFT_COMPILATION_MODE = wholemodule;
				SWIFT_OPTIMIZATION_LEVEL = "-O";
				VALIDATE_PRODUCT = YES;
			};
			name = Release;
		};
		C17D25D025934521000754D2 /* Debug */ = {
			isa = XCBuildConfiguration;
			buildSettings = {
				ASSETCATALOG_COMPILER_APPICON_NAME = AppIcon;
				ASSETCATALOG_COMPILER_GLOBAL_ACCENT_COLOR_NAME = AccentColor;
				CODE_SIGN_STYLE = Automatic;
				INFOPLIST_FILE = "task2(HW3)/Info.plist";
				LD_RUNPATH_SEARCH_PATHS = (
					"$(inherited)",
					"@executable_path/Frameworks",
				);
				PRODUCT_BUNDLE_IDENTIFIER = "zolottareva.task2-HW3-";
				PRODUCT_NAME = "$(TARGET_NAME)";
				SWIFT_VERSION = 5.0;
				TARGETED_DEVICE_FAMILY = "1,2";
			};
			name = Debug;
		};
		C17D25D125934521000754D2 /* Release */ = {
			isa = XCBuildConfiguration;
			buildSettings = {
				ASSETCATALOG_COMPILER_APPICON_NAME = AppIcon;
				ASSETCATALOG_COMPILER_GLOBAL_ACCENT_COLOR_NAME = AccentColor;
				CODE_SIGN_STYLE = Automatic;
				INFOPLIST_FILE = "task2(HW3)/Info.plist";
				LD_RUNPATH_SEARCH_PATHS = (
					"$(inherited)",
					"@executable_path/Frameworks",
				);
				PRODUCT_BUNDLE_IDENTIFIER = "zolottareva.task2-HW3-";
				PRODUCT_NAME = "$(TARGET_NAME)";
				SWIFT_VERSION = 5.0;
				TARGETED_DEVICE_FAMILY = "1,2";
			};
			name = Release;
		};
/* End XCBuildConfiguration section */

/* Begin XCConfigurationList section */
		C17D25B625934520000754D2 /* Build configuration list for PBXProject "task2(HW3)" */ = {
			isa = XCConfigurationList;
			buildConfigurations = (
				C17D25CD25934521000754D2 /* Debug */,
				C17D25CE25934521000754D2 /* Release */,
			);
			defaultConfigurationIsVisible = 0;
			defaultConfigurationName = Release;
		};
		C17D25CF25934521000754D2 /* Build configuration list for PBXNativeTarget "task2(HW3)" */ = {
			isa = XCConfigurationList;
			buildConfigurations = (
				C17D25D025934521000754D2 /* Debug */,
				C17D25D125934521000754D2 /* Release */,
			);
			defaultConfigurationIsVisible = 0;
			defaultConfigurationName = Release;
		};
/* End XCConfigurationList section */
	};
	rootObject = C17D25B325934520000754D2 /* Project object */;
}
