// !$*UTF8*$!
{
	archiveVersion = 1;
	classes = {
	};
	objectVersion = 50;
	objects = {

/* Begin PBXBuildFile section */
		C10808FE2598BB6A0062A5E0 /* ShowDetailsViewController.swift in Sources */ = {isa = PBXBuildFile; fileRef = C10808FD2598BB6A0062A5E0 /* ShowDetailsViewController.swift */; };
		C136935F2599150E00577367 /* Alert.swift in Sources */ = {isa = PBXBuildFile; fileRef = C136935E2599150E00577367 /* Alert.swift */; };
		C148CE9E2598883D003E6032 /* AppDelegate.swift in Sources */ = {isa = PBXBuildFile; fileRef = C148CE9D2598883D003E6032 /* AppDelegate.swift */; };
		C148CEA02598883D003E6032 /* SceneDelegate.swift in Sources */ = {isa = PBXBuildFile; fileRef = C148CE9F2598883D003E6032 /* SceneDelegate.swift */; };
		C148CEA22598883D003E6032 /* ViewController.swift in Sources */ = {isa = PBXBuildFile; fileRef = C148CEA12598883D003E6032 /* ViewController.swift */; };
		C148CEA52598883D003E6032 /* Main.storyboard in Resources */ = {isa = PBXBuildFile; fileRef = C148CEA32598883D003E6032 /* Main.storyboard */; };
		C148CEA72598883E003E6032 /* Assets.xcassets in Resources */ = {isa = PBXBuildFile; fileRef = C148CEA62598883E003E6032 /* Assets.xcassets */; };
		C148CEAA2598883E003E6032 /* LaunchScreen.storyboard in Resources */ = {isa = PBXBuildFile; fileRef = C148CEA82598883E003E6032 /* LaunchScreen.storyboard */; };
/* End PBXBuildFile section */

/* Begin PBXFileReference section */
		C10808FD2598BB6A0062A5E0 /* ShowDetailsViewController.swift */ = {isa = PBXFileReference; lastKnownFileType = sourcecode.swift; path = ShowDetailsViewController.swift; sourceTree = "<group>"; };
		C136935E2599150E00577367 /* Alert.swift */ = {isa = PBXFileReference; lastKnownFileType = sourcecode.swift; path = Alert.swift; sourceTree = "<group>"; };
		C148CE9A2598883D003E6032 /* task4(HW3).app */ = {isa = PBXFileReference; explicitFileType = wrapper.application; includeInIndex = 0; path = "task4(HW3).app"; sourceTree = BUILT_PRODUCTS_DIR; };
		C148CE9D2598883D003E6032 /* AppDelegate.swift */ = {isa = PBXFileReference; lastKnownFileType = sourcecode.swift; path = AppDelegate.swift; sourceTree = "<group>"; };
		C148CE9F2598883D003E6032 /* SceneDelegate.swift */ = {isa = PBXFileReference; lastKnownFileType = sourcecode.swift; path = SceneDelegate.swift; sourceTree = "<group>"; };
		C148CEA12598883D003E6032 /* ViewController.swift */ = {isa = PBXFileReference; lastKnownFileType = sourcecode.swift; path = ViewController.swift; sourceTree = "<group>"; };
		C148CEA42598883D003E6032 /* Base */ = {isa = PBXFileReference; lastKnownFileType = file.storyboard; name = Base; path = Base.lproj/Main.storyboard; sourceTree = "<group>"; };
		C148CEA62598883E003E6032 /* Assets.xcassets */ = {isa = PBXFileReference; lastKnownFileType = folder.assetcatalog; path = Assets.xcassets; sourceTree = "<group>"; };
		C148CEA92598883E003E6032 /* Base */ = {isa = PBXFileReference; lastKnownFileType = file.storyboard; name = Base; path = Base.lproj/LaunchScreen.storyboard; sourceTree = "<group>"; };
		C148CEAB2598883E003E6032 /* Info.plist */ = {isa = PBXFileReference; lastKnownFileType = text.plist.xml; path = Info.plist; sourceTree = "<group>"; };
/* End PBXFileReference section */

/* Begin PBXFrameworksBuildPhase section */
		C148CE972598883D003E6032 /* Frameworks */ = {
			isa = PBXFrameworksBuildPhase;
			buildActionMask = 2147483647;
			files = (
			);
			runOnlyForDeploymentPostprocessing = 0;
		};
/* End PBXFrameworksBuildPhase section */

/* Begin PBXGroup section */
		C148CE912598883D003E6032 = {
			isa = PBXGroup;
			children = (
				C148CE9C2598883D003E6032 /* task4(HW3) */,
				C148CE9B2598883D003E6032 /* Products */,
			);
			sourceTree = "<group>";
		};
		C148CE9B2598883D003E6032 /* Products */ = {
			isa = PBXGroup;
			children = (
				C148CE9A2598883D003E6032 /* task4(HW3).app */,
			);
			name = Products;
			sourceTree = "<group>";
		};
		C148CE9C2598883D003E6032 /* task4(HW3) */ = {
			isa = PBXGroup;
			children = (
				C148CE9D2598883D003E6032 /* AppDelegate.swift */,
				C148CE9F2598883D003E6032 /* SceneDelegate.swift */,
				C148CEA12598883D003E6032 /* ViewController.swift */,
				C148CEA32598883D003E6032 /* Main.storyboard */,
				C136935E2599150E00577367 /* Alert.swift */,
				C10808FD2598BB6A0062A5E0 /* ShowDetailsViewController.swift */,
				C148CEA62598883E003E6032 /* Assets.xcassets */,
				C148CEA82598883E003E6032 /* LaunchScreen.storyboard */,
				C148CEAB2598883E003E6032 /* Info.plist */,
			);
			path = "task4(HW3)";
			sourceTree = "<group>";
		};
/* End PBXGroup section */

/* Begin PBXNativeTarget section */
		C148CE992598883D003E6032 /* task4(HW3) */ = {
			isa = PBXNativeTarget;
			buildConfigurationList = C148CEAE2598883E003E6032 /* Build configuration list for PBXNativeTarget "task4(HW3)" */;
			buildPhases = (
				C148CE962598883D003E6032 /* Sources */,
				C148CE972598883D003E6032 /* Frameworks */,
				C148CE982598883D003E6032 /* Resources */,
			);
			buildRules = (
			);
			dependencies = (
			);
			name = "task4(HW3)";
			productName = "task4(HW3)";
			productReference = C148CE9A2598883D003E6032 /* task4(HW3).app */;
			productType = "com.apple.product-type.application";
		};
/* End PBXNativeTarget section */

/* Begin PBXProject section */
		C148CE922598883D003E6032 /* Project object */ = {
			isa = PBXProject;
			attributes = {
				LastSwiftUpdateCheck = 1230;
				LastUpgradeCheck = 1230;
				TargetAttributes = {
					C148CE992598883D003E6032 = {
						CreatedOnToolsVersion = 12.3;
					};
				};
			};
			buildConfigurationList = C148CE952598883D003E6032 /* Build configuration list for PBXProject "task4(HW3)" */;
			compatibilityVersion = "Xcode 9.3";
			developmentRegion = en;
			hasScannedForEncodings = 0;
			knownRegions = (
				en,
				Base,
			);
			mainGroup = C148CE912598883D003E6032;
			productRefGroup = C148CE9B2598883D003E6032 /* Products */;
			projectDirPath = "";
			projectRoot = "";
			targets = (
				C148CE992598883D003E6032 /* task4(HW3) */,
			);
		};
/* End PBXProject section */

/* Begin PBXResourcesBuildPhase section */
		C148CE982598883D003E6032 /* Resources */ = {
			isa = PBXResourcesBuildPhase;
			buildActionMask = 2147483647;
			files = (
				C148CEAA2598883E003E6032 /* LaunchScreen.storyboard in Resources */,
				C148CEA72598883E003E6032 /* Assets.xcassets in Resources */,
				C148CEA52598883D003E6032 /* Main.storyboard in Resources */,
			);
			runOnlyForDeploymentPostprocessing = 0;
		};
/* End PBXResourcesBuildPhase section */

/* Begin PBXSourcesBuildPhase section */
		C148CE962598883D003E6032 /* Sources */ = {
			isa = PBXSourcesBuildPhase;
			buildActionMask = 2147483647;
			files = (
				C10808FE2598BB6A0062A5E0 /* ShowDetailsViewController.swift in Sources */,
				C148CEA22598883D003E6032 /* ViewController.swift in Sources */,
				C148CE9E2598883D003E6032 /* AppDelegate.swift in Sources */,
				C136935F2599150E00577367 /* Alert.swift in Sources */,
				C148CEA02598883D003E6032 /* SceneDelegate.swift in Sources */,
			);
			runOnlyForDeploymentPostprocessing = 0;
		};
/* End PBXSourcesBuildPhase section */

/* Begin PBXVariantGroup section */
		C148CEA32598883D003E6032 /* Main.storyboard */ = {
			isa = PBXVariantGroup;
			children = (
				C148CEA42598883D003E6032 /* Base */,
			);
			name = Main.storyboard;
			sourceTree = "<group>";
		};
		C148CEA82598883E003E6032 /* LaunchScreen.storyboard */ = {
			isa = PBXVariantGroup;
			children = (
				C148CEA92598883E003E6032 /* Base */,
			);
			name = LaunchScreen.storyboard;
			sourceTree = "<group>";
		};
/* End PBXVariantGroup section */

/* Begin XCBuildConfiguration section */
		C148CEAC2598883E003E6032 /* Debug */ = {
			isa = XCBuildConfiguration;
			buildSettings = {
				ALWAYS_SEARCH_USER_PATHS = NO;
				CLANG_ANALYZER_NONNULL = YES;
				CLANG_ANALYZER_NUMBER_OBJECT_CONVERSION = YES_AGGRESSIVE;
				CLANG_CXX_LANGUAGE_STANDARD = "gnu++14";
				CLANG_CXX_LIBRARY = "libc++";
				CLANG_ENABLE_MODULES = YES;
				CLANG_ENABLE_OBJC_ARC = YES;
				CLANG_ENABLE_OBJC_WEAK = YES;
				CLANG_WARN_BLOCK_CAPTURE_AUTORELEASING = YES;
				CLANG_WARN_BOOL_CONVERSION = YES;
				CLANG_WARN_COMMA = YES;
				CLANG_WARN_CONSTANT_CONVERSION = YES;
				CLANG_WARN_DEPRECATED_OBJC_IMPLEMENTATIONS = YES;
				CLANG_WARN_DIRECT_OBJC_ISA_USAGE = YES_ERROR;
				CLANG_WARN_DOCUMENTATION_COMMENTS = YES;
				CLANG_WARN_EMPTY_BODY = YES;
				CLANG_WARN_ENUM_CONVERSION = YES;
				CLANG_WARN_INFINITE_RECURSION = YES;
				CLANG_WARN_INT_CONVERSION = YES;
				CLANG_WARN_NON_LITERAL_NULL_CONVERSION = YES;
				CLANG_WARN_OBJC_IMPLICIT_RETAIN_SELF = YES;
				CLANG_WARN_OBJC_LITERAL_CONVERSION = YES;
				CLANG_WARN_OBJC_ROOT_CLASS = YES_ERROR;
				CLANG_WARN_QUOTED_INCLUDE_IN_FRAMEWORK_HEADER = YES;
				CLANG_WARN_RANGE_LOOP_ANALYSIS = YES;
				CLANG_WARN_STRICT_PROTOTYPES = YES;
				CLANG_WARN_SUSPICIOUS_MOVE = YES;
				CLANG_WARN_UNGUARDED_AVAILABILITY = YES_AGGRESSIVE;
				CLANG_WARN_UNREACHABLE_CODE = YES;
				CLANG_WARN__DUPLICATE_METHOD_MATCH = YES;
				COPY_PHASE_STRIP = NO;
				DEBUG_INFORMATION_FORMAT = dwarf;
				ENABLE_STRICT_OBJC_MSGSEND = YES;
				ENABLE_TESTABILITY = YES;
				GCC_C_LANGUAGE_STANDARD = gnu11;
				GCC_DYNAMIC_NO_PIC = NO;
				GCC_NO_COMMON_BLOCKS = YES;
				GCC_OPTIMIZATION_LEVEL = 0;
				GCC_PREPROCESSOR_DEFINITIONS = (
					"DEBUG=1",
					"$(inherited)",
				);
				GCC_WARN_64_TO_32_BIT_CONVERSION = YES;
				GCC_WARN_ABOUT_RETURN_TYPE = YES_ERROR;
				GCC_WARN_UNDECLARED_SELECTOR = YES;
				GCC_WARN_UNINITIALIZED_AUTOS = YES_AGGRESSIVE;
				GCC_WARN_UNUSED_FUNCTION = YES;
				GCC_WARN_UNUSED_VARIABLE = YES;
				IPHONEOS_DEPLOYMENT_TARGET = 14.3;
				MTL_ENABLE_DEBUG_INFO = INCLUDE_SOURCE;
				MTL_FAST_MATH = YES;
				ONLY_ACTIVE_ARCH = YES;
				SDKROOT = iphoneos;
				SWIFT_ACTIVE_COMPILATION_CONDITIONS = DEBUG;
				SWIFT_OPTIMIZATION_LEVEL = "-Onone";
			};
			name = Debug;
		};
		C148CEAD2598883E003E6032 /* Release */ = {
			isa = XCBuildConfiguration;
			buildSettings = {
				ALWAYS_SEARCH_USER_PATHS = NO;
				CLANG_ANALYZER_NONNULL = YES;
				CLANG_ANALYZER_NUMBER_OBJECT_CONVERSION = YES_AGGRESSIVE;
				CLANG_CXX_LANGUAGE_STANDARD = "gnu++14";
				CLANG_CXX_LIBRARY = "libc++";
				CLANG_ENABLE_MODULES = YES;
				CLANG_ENABLE_OBJC_ARC = YES;
				CLANG_ENABLE_OBJC_WEAK = YES;
				CLANG_WARN_BLOCK_CAPTURE_AUTORELEASING = YES;
				CLANG_WARN_BOOL_CONVERSION = YES;
				CLANG_WARN_COMMA = YES;
				CLANG_WARN_CONSTANT_CONVERSION = YES;
				CLANG_WARN_DEPRECATED_OBJC_IMPLEMENTATIONS = YES;
				CLANG_WARN_DIRECT_OBJC_ISA_USAGE = YES_ERROR;
				CLANG_WARN_DOCUMENTATION_COMMENTS = YES;
				CLANG_WARN_EMPTY_BODY = YES;
				CLANG_WARN_ENUM_CONVERSION = YES;
				CLANG_WARN_INFINITE_RECURSION = YES;
				CLANG_WARN_INT_CONVERSION = YES;
				CLANG_WARN_NON_LITERAL_NULL_CONVERSION = YES;
				CLANG_WARN_OBJC_IMPLICIT_RETAIN_SELF = YES;
				CLANG_WARN_OBJC_LITERAL_CONVERSION = YES;
				CLANG_WARN_OBJC_ROOT_CLASS = YES_ERROR;
				CLANG_WARN_QUOTED_INCLUDE_IN_FRAMEWORK_HEADER = YES;
				CLANG_WARN_RANGE_LOOP_ANALYSIS = YES;
				CLANG_WARN_STRICT_PROTOTYPES = YES;
				CLANG_WARN_SUSPICIOUS_MOVE = YES;
				CLANG_WARN_UNGUARDED_AVAILABILITY = YES_AGGRESSIVE;
				CLANG_WARN_UNREACHABLE_CODE = YES;
				CLANG_WARN__DUPLICATE_METHOD_MATCH = YES;
				COPY_PHASE_STRIP = NO;
				DEBUG_INFORMATION_FORMAT = "dwarf-with-dsym";
				ENABLE_NS_ASSERTIONS = NO;
				ENABLE_STRICT_OBJC_MSGSEND = YES;
				GCC_C_LANGUAGE_STANDARD = gnu11;
				GCC_NO_COMMON_BLOCKS = YES;
				GCC_WARN_64_TO_32_BIT_CONVERSION = YES;
				GCC_WARN_ABOUT_RETURN_TYPE = YES_ERROR;
				GCC_WARN_UNDECLARED_SELECTOR = YES;
				GCC_WARN_UNINITIALIZED_AUTOS = YES_AGGRESSIVE;
				GCC_WARN_UNUSED_FUNCTION = YES;
				GCC_WARN_UNUSED_VARIABLE = YES;
				IPHONEOS_DEPLOYMENT_TARGET = 14.3;
				MTL_ENABLE_DEBUG_INFO = NO;
				MTL_FAST_MATH = YES;
				SDKROOT = iphoneos;
				SWIFT_COMPILATION_MODE = wholemodule;
				SWIFT_OPTIMIZATION_LEVEL = "-O";
				VALIDATE_PRODUCT = YES;
			};
			name = Release;
		};
		C148CEAF2598883E003E6032 /* Debug */ = {
			isa = XCBuildConfiguration;
			buildSettings = {
				ASSETCATALOG_COMPILER_APPICON_NAME = AppIcon;
				ASSETCATALOG_COMPILER_GLOBAL_ACCENT_COLOR_NAME = AccentColor;
				CODE_SIGN_STYLE = Automatic;
				INFOPLIST_FILE = "task4(HW3)/Info.plist";
				LD_RUNPATH_SEARCH_PATHS = (
					"$(inherited)",
					"@executable_path/Frameworks",
				);
				PRODUCT_BUNDLE_IDENTIFIER = "zolottareva.task4-HW3-";
				PRODUCT_NAME = "$(TARGET_NAME)";
				SWIFT_VERSION = 5.0;
				TARGETED_DEVICE_FAMILY = "1,2";
			};
			name = Debug;
		};
		C148CEB02598883E003E6032 /* Release */ = {
			isa = XCBuildConfiguration;
			buildSettings = {
				ASSETCATALOG_COMPILER_APPICON_NAME = AppIcon;
				ASSETCATALOG_COMPILER_GLOBAL_ACCENT_COLOR_NAME = AccentColor;
				CODE_SIGN_STYLE = Automatic;
				INFOPLIST_FILE = "task4(HW3)/Info.plist";
				LD_RUNPATH_SEARCH_PATHS = (
					"$(inherited)",
					"@executable_path/Frameworks",
				);
				PRODUCT_BUNDLE_IDENTIFIER = "zolottareva.task4-HW3-";
				PRODUCT_NAME = "$(TARGET_NAME)";
				SWIFT_VERSION = 5.0;
				TARGETED_DEVICE_FAMILY = "1,2";
			};
			name = Release;
		};
/* End XCBuildConfiguration section */

/* Begin XCConfigurationList section */
		C148CE952598883D003E6032 /* Build configuration list for PBXProject "task4(HW3)" */ = {
			isa = XCConfigurationList;
			buildConfigurations = (
				C148CEAC2598883E003E6032 /* Debug */,
				C148CEAD2598883E003E6032 /* Release */,
			);
			defaultConfigurationIsVisible = 0;
			defaultConfigurationName = Release;
		};
		C148CEAE2598883E003E6032 /* Build configuration list for PBXNativeTarget "task4(HW3)" */ = {
			isa = XCConfigurationList;
			buildConfigurations = (
				C148CEAF2598883E003E6032 /* Debug */,
				C148CEB02598883E003E6032 /* Release */,
			);
			defaultConfigurationIsVisible = 0;
			defaultConfigurationName = Release;
		};
/* End XCConfigurationList section */
	};
	rootObject = C148CE922598883D003E6032 /* Project object */;
}
